
Microsoft Visual Studio Solution File, Format Version 12.00
# Visual Studio 15
VisualStudioVersion = 15.0.28307.489
MinimumVisualStudioVersion = 10.0.40219.1
Project("{FAE04EC0-301F-11D3-BF4B-00C04F79EFBC}") = "Final_P4", "Final_P4\Final_P4.csproj", "{1D809EA5-8665-4E65-849E-985F7EBADF41}"
EndProject
Global
	GlobalSection(SolutionConfigurationPlatforms) = preSolution
		Debug|Any CPU = Debug|Any CPU
		Release|Any CPU = Release|Any CPU
	EndGlobalSection
	GlobalSection(ProjectConfigurationPlatforms) = postSolution
		{1D809EA5-8665-4E65-849E-985F7EBADF41}.Debug|Any CPU.ActiveCfg = Debug|Any CPU
		{1D809EA5-8665-4E65-849E-985F7EBADF41}.Debug|Any CPU.Build.0 = Debug|Any CPU
		{1D809EA5-8665-4E65-849E-985F7EBADF41}.Release|Any CPU.ActiveCfg = Release|Any CPU
		{1D809EA5-8665-4E65-849E-985F7EBADF41}.Release|Any CPU.Build.0 = Release|Any CPU
	EndGlobalSection
	GlobalSection(SolutionProperties) = preSolution
		HideSolutionNode = FALSE
	EndGlobalSection
	GlobalSection(ExtensibilityGlobals) = postSolution
		SolutionGuid = {F68939CE-EF34-4C65-89A8-A92A5E67F5E3}
	EndGlobalSection
EndGlobal
